// !$*UTF8*$!
{
	archiveVersion = 1;
	classes = {
	};
	objectVersion = 50;
	objects = {

/* Begin PBXBuildFile section */
		314FD7D7277A3D0900D16AED /* AppDelegate.swift in Sources */ = {isa = PBXBuildFile; fileRef = 314FD7D6277A3D0900D16AED /* AppDelegate.swift */; };
		314FD7DB277A3D0900D16AED /* Assets.xcassets in Resources */ = {isa = PBXBuildFile; fileRef = 314FD7DA277A3D0900D16AED /* Assets.xcassets */; };
		314FD7DE277A3D0900D16AED /* Main.storyboard in Resources */ = {isa = PBXBuildFile; fileRef = 314FD7DC277A3D0900D16AED /* Main.storyboard */; };
		314FD7E4277A3D3B00D16AED /* Bundle+MainApp.swift in Sources */ = {isa = PBXBuildFile; fileRef = 314FD7E3277A3D3B00D16AED /* Bundle+MainApp.swift */; };
		314FD7E5277A3D6B00D16AED /* UTMBeGoneHelper.app in CopyFiles */ = {isa = PBXBuildFile; fileRef = 314FD7D4277A3D0800D16AED /* UTMBeGoneHelper.app */; settings = {ATTRIBUTES = (RemoveHeadersOnCopy, ); }; };
		31629499250D180C0015E908 /* NotificationNames.swift in Sources */ = {isa = PBXBuildFile; fileRef = 31629498250D180C0015E908 /* NotificationNames.swift */; };
		3192B4EF277919E400EFC6FB /* SharedConsts.swift in Sources */ = {isa = PBXBuildFile; fileRef = 3192B4EE277919E400EFC6FB /* SharedConsts.swift */; };
		3192B4F227791B7400EFC6FB /* LaunchAtLoginHelper.swift in Sources */ = {isa = PBXBuildFile; fileRef = 3192B4F127791B7400EFC6FB /* LaunchAtLoginHelper.swift */; };
		31A6634924FDAB4400CDD04A /* AppDelegate.swift in Sources */ = {isa = PBXBuildFile; fileRef = 31A6634824FDAB4400CDD04A /* AppDelegate.swift */; };
		31A6634B24FDAB4400CDD04A /* Assets.xcassets in Resources */ = {isa = PBXBuildFile; fileRef = 31A6634A24FDAB4400CDD04A /* Assets.xcassets */; };
		31A6634E24FDAB4400CDD04A /* MainMenu.xib in Resources */ = {isa = PBXBuildFile; fileRef = 31A6634C24FDAB4400CDD04A /* MainMenu.xib */; };
		31A6635A24FDAB4500CDD04A /* UTMBeGoneTests.swift in Sources */ = {isa = PBXBuildFile; fileRef = 31A6635924FDAB4500CDD04A /* UTMBeGoneTests.swift */; };
		31A6636524FDAB5900CDD04A /* URLGarbageRemover.swift in Sources */ = {isa = PBXBuildFile; fileRef = 31A6636424FDAB5900CDD04A /* URLGarbageRemover.swift */; };
		31A6636824FDAB5E00CDD04A /* PasteboardHandler.swift in Sources */ = {isa = PBXBuildFile; fileRef = 31A6636624FDAB5E00CDD04A /* PasteboardHandler.swift */; };
		31A6636924FDAB5E00CDD04A /* PasteboardListener.swift in Sources */ = {isa = PBXBuildFile; fileRef = 31A6636724FDAB5E00CDD04A /* PasteboardListener.swift */; };
		31A6636B24FDAB9C00CDD04A /* MenuManager.swift in Sources */ = {isa = PBXBuildFile; fileRef = 31A6636A24FDAB9C00CDD04A /* MenuManager.swift */; };
		31D95685250663D100DCD1D1 /* PreferencesViewController.swift in Sources */ = {isa = PBXBuildFile; fileRef = 31D95683250663D100DCD1D1 /* PreferencesViewController.swift */; };
		31D95686250663D100DCD1D1 /* PreferencesViewController.xib in Resources */ = {isa = PBXBuildFile; fileRef = 31D95684250663D100DCD1D1 /* PreferencesViewController.xib */; };
		31D9568925066F2C00DCD1D1 /* QueryItem.swift in Sources */ = {isa = PBXBuildFile; fileRef = 31D9568825066F2C00DCD1D1 /* QueryItem.swift */; };
		31D9568B2506702F00DCD1D1 /* QueryItemsManager.swift in Sources */ = {isa = PBXBuildFile; fileRef = 31D9568A2506702F00DCD1D1 /* QueryItemsManager.swift */; };
/* End PBXBuildFile section */

/* Begin PBXContainerItemProxy section */
		31A6635624FDAB4500CDD04A /* PBXContainerItemProxy */ = {
			isa = PBXContainerItemProxy;
			containerPortal = 31A6633D24FDAB4400CDD04A /* Project object */;
			proxyType = 1;
			remoteGlobalIDString = 31A6634424FDAB4400CDD04A;
			remoteInfo = UTMBeGone;
		};
/* End PBXContainerItemProxy section */

/* Begin PBXCopyFilesBuildPhase section */
		31A42F572779035200A0B82D /* CopyFiles */ = {
			isa = PBXCopyFilesBuildPhase;
			buildActionMask = 2147483647;
			dstPath = Contents/Library/LoginItems;
			dstSubfolderSpec = 1;
			files = (
				314FD7E5277A3D6B00D16AED /* UTMBeGoneHelper.app in CopyFiles */,
			);
			runOnlyForDeploymentPostprocessing = 0;
		};
/* End PBXCopyFilesBuildPhase section */

/* Begin PBXFileReference section */
		314FD7D4277A3D0800D16AED /* UTMBeGoneHelper.app */ = {isa = PBXFileReference; explicitFileType = wrapper.application; includeInIndex = 0; path = UTMBeGoneHelper.app; sourceTree = BUILT_PRODUCTS_DIR; };
		314FD7D6277A3D0900D16AED /* AppDelegate.swift */ = {isa = PBXFileReference; lastKnownFileType = sourcecode.swift; path = AppDelegate.swift; sourceTree = "<group>"; };
		314FD7DA277A3D0900D16AED /* Assets.xcassets */ = {isa = PBXFileReference; lastKnownFileType = folder.assetcatalog; path = Assets.xcassets; sourceTree = "<group>"; };
		314FD7DD277A3D0900D16AED /* Base */ = {isa = PBXFileReference; lastKnownFileType = file.storyboard; name = Base; path = Base.lproj/Main.storyboard; sourceTree = "<group>"; };
		314FD7DF277A3D0900D16AED /* UTMBeGoneHelper.entitlements */ = {isa = PBXFileReference; lastKnownFileType = text.plist.entitlements; path = UTMBeGoneHelper.entitlements; sourceTree = "<group>"; };
		314FD7E3277A3D3B00D16AED /* Bundle+MainApp.swift */ = {isa = PBXFileReference; lastKnownFileType = sourcecode.swift; path = "Bundle+MainApp.swift"; sourceTree = "<group>"; };
		314FD7E6277A3DAA00D16AED /* Info.plist */ = {isa = PBXFileReference; lastKnownFileType = text.plist; path = Info.plist; sourceTree = "<group>"; };
		31629498250D180C0015E908 /* NotificationNames.swift */ = {isa = PBXFileReference; lastKnownFileType = sourcecode.swift; path = NotificationNames.swift; sourceTree = "<group>"; };
		3192B4EE277919E400EFC6FB /* SharedConsts.swift */ = {isa = PBXFileReference; lastKnownFileType = sourcecode.swift; path = SharedConsts.swift; sourceTree = "<group>"; };
		3192B4F127791B7400EFC6FB /* LaunchAtLoginHelper.swift */ = {isa = PBXFileReference; lastKnownFileType = sourcecode.swift; path = LaunchAtLoginHelper.swift; sourceTree = "<group>"; };
		31A42F5A2779037200A0B82D /* ServiceManagement.framework */ = {isa = PBXFileReference; lastKnownFileType = wrapper.framework; name = ServiceManagement.framework; path = System/Library/Frameworks/ServiceManagement.framework; sourceTree = SDKROOT; };
		31A6634524FDAB4400CDD04A /* UTMBeGone.app */ = {isa = PBXFileReference; explicitFileType = wrapper.application; includeInIndex = 0; path = UTMBeGone.app; sourceTree = BUILT_PRODUCTS_DIR; };
		31A6634824FDAB4400CDD04A /* AppDelegate.swift */ = {isa = PBXFileReference; lastKnownFileType = sourcecode.swift; path = AppDelegate.swift; sourceTree = "<group>"; };
		31A6634A24FDAB4400CDD04A /* Assets.xcassets */ = {isa = PBXFileReference; lastKnownFileType = folder.assetcatalog; path = Assets.xcassets; sourceTree = "<group>"; };
		31A6634D24FDAB4400CDD04A /* Base */ = {isa = PBXFileReference; lastKnownFileType = file.xib; name = Base; path = Base.lproj/MainMenu.xib; sourceTree = "<group>"; };
		31A6634F24FDAB4400CDD04A /* Info.plist */ = {isa = PBXFileReference; lastKnownFileType = text.plist.xml; path = Info.plist; sourceTree = "<group>"; };
		31A6635024FDAB4400CDD04A /* UTMBeGone.entitlements */ = {isa = PBXFileReference; lastKnownFileType = text.plist.entitlements; path = UTMBeGone.entitlements; sourceTree = "<group>"; };
		31A6635524FDAB4500CDD04A /* UTMBeGoneTests.xctest */ = {isa = PBXFileReference; explicitFileType = wrapper.cfbundle; includeInIndex = 0; path = UTMBeGoneTests.xctest; sourceTree = BUILT_PRODUCTS_DIR; };
		31A6635924FDAB4500CDD04A /* UTMBeGoneTests.swift */ = {isa = PBXFileReference; lastKnownFileType = sourcecode.swift; path = UTMBeGoneTests.swift; sourceTree = "<group>"; };
		31A6635B24FDAB4500CDD04A /* Info.plist */ = {isa = PBXFileReference; lastKnownFileType = text.plist.xml; path = Info.plist; sourceTree = "<group>"; };
		31A6636424FDAB5900CDD04A /* URLGarbageRemover.swift */ = {isa = PBXFileReference; fileEncoding = 4; lastKnownFileType = sourcecode.swift; path = URLGarbageRemover.swift; sourceTree = "<group>"; };
		31A6636624FDAB5E00CDD04A /* PasteboardHandler.swift */ = {isa = PBXFileReference; fileEncoding = 4; lastKnownFileType = sourcecode.swift; path = PasteboardHandler.swift; sourceTree = "<group>"; };
		31A6636724FDAB5E00CDD04A /* PasteboardListener.swift */ = {isa = PBXFileReference; fileEncoding = 4; lastKnownFileType = sourcecode.swift; path = PasteboardListener.swift; sourceTree = "<group>"; };
		31A6636A24FDAB9C00CDD04A /* MenuManager.swift */ = {isa = PBXFileReference; fileEncoding = 4; lastKnownFileType = sourcecode.swift; path = MenuManager.swift; sourceTree = "<group>"; };
		31D95683250663D100DCD1D1 /* PreferencesViewController.swift */ = {isa = PBXFileReference; lastKnownFileType = sourcecode.swift; path = PreferencesViewController.swift; sourceTree = "<group>"; };
		31D95684250663D100DCD1D1 /* PreferencesViewController.xib */ = {isa = PBXFileReference; lastKnownFileType = file.xib; path = PreferencesViewController.xib; sourceTree = "<group>"; };
		31D9568825066F2C00DCD1D1 /* QueryItem.swift */ = {isa = PBXFileReference; lastKnownFileType = sourcecode.swift; path = QueryItem.swift; sourceTree = "<group>"; };
		31D9568A2506702F00DCD1D1 /* QueryItemsManager.swift */ = {isa = PBXFileReference; lastKnownFileType = sourcecode.swift; path = QueryItemsManager.swift; sourceTree = "<group>"; };
		31D9568D2506818900DCD1D1 /* UTMBeGone-Bridging-Header.h */ = {isa = PBXFileReference; lastKnownFileType = sourcecode.c.h; path = "UTMBeGone-Bridging-Header.h"; sourceTree = "<group>"; };
/* End PBXFileReference section */

/* Begin PBXFrameworksBuildPhase section */
		314FD7D1277A3D0800D16AED /* Frameworks */ = {
			isa = PBXFrameworksBuildPhase;
			buildActionMask = 2147483647;
			files = (
			);
			runOnlyForDeploymentPostprocessing = 0;
		};
		31A6634224FDAB4400CDD04A /* Frameworks */ = {
			isa = PBXFrameworksBuildPhase;
			buildActionMask = 2147483647;
			files = (
			);
			runOnlyForDeploymentPostprocessing = 0;
		};
		31A6635224FDAB4500CDD04A /* Frameworks */ = {
			isa = PBXFrameworksBuildPhase;
			buildActionMask = 2147483647;
			files = (
			);
			runOnlyForDeploymentPostprocessing = 0;
		};
/* End PBXFrameworksBuildPhase section */

/* Begin PBXGroup section */
		314FD7D5277A3D0800D16AED /* UTMBeGoneHelper */ = {
			isa = PBXGroup;
			children = (
				314FD7E6277A3DAA00D16AED /* Info.plist */,
				314FD7D6277A3D0900D16AED /* AppDelegate.swift */,
				314FD7DA277A3D0900D16AED /* Assets.xcassets */,
				314FD7DC277A3D0900D16AED /* Main.storyboard */,
				314FD7DF277A3D0900D16AED /* UTMBeGoneHelper.entitlements */,
				314FD7E3277A3D3B00D16AED /* Bundle+MainApp.swift */,
			);
			path = UTMBeGoneHelper;
			sourceTree = "<group>";
		};
		3192B4ED277919AB00EFC6FB /* Shared */ = {
			isa = PBXGroup;
			children = (
				3192B4EE277919E400EFC6FB /* SharedConsts.swift */,
			);
			path = Shared;
			sourceTree = "<group>";
		};
		31A42F592779037200A0B82D /* Frameworks */ = {
			isa = PBXGroup;
			children = (
				31A42F5A2779037200A0B82D /* ServiceManagement.framework */,
			);
			name = Frameworks;
			sourceTree = "<group>";
		};
		31A6633C24FDAB4400CDD04A = {
			isa = PBXGroup;
			children = (
				31A6634724FDAB4400CDD04A /* UTMBeGone */,
				31A6635824FDAB4500CDD04A /* UTMBeGoneTests */,
				314FD7D5277A3D0800D16AED /* UTMBeGoneHelper */,
				31A6634624FDAB4400CDD04A /* Products */,
				31A42F592779037200A0B82D /* Frameworks */,
			);
			sourceTree = "<group>";
		};
		31A6634624FDAB4400CDD04A /* Products */ = {
			isa = PBXGroup;
			children = (
				31A6634524FDAB4400CDD04A /* UTMBeGone.app */,
				31A6635524FDAB4500CDD04A /* UTMBeGoneTests.xctest */,
				314FD7D4277A3D0800D16AED /* UTMBeGoneHelper.app */,
			);
			name = Products;
			sourceTree = "<group>";
		};
		31A6634724FDAB4400CDD04A /* UTMBeGone */ = {
			isa = PBXGroup;
			children = (
				3192B4ED277919AB00EFC6FB /* Shared */,
				31D9568725066EFF00DCD1D1 /* Storage */,
				31D95682250663B200DCD1D1 /* Preferences */,
				31A6636E24FDAC8100CDD04A /* Menu */,
				31A6636D24FDAC7800CDD04A /* GarbageRemover */,
				31A6636C24FDAC6E00CDD04A /* PasteboardCore */,
				31D9568C2506817C00DCD1D1 /* Util */,
				31A6634824FDAB4400CDD04A /* AppDelegate.swift */,
				31A6634A24FDAB4400CDD04A /* Assets.xcassets */,
				31A6634C24FDAB4400CDD04A /* MainMenu.xib */,
				31A6634F24FDAB4400CDD04A /* Info.plist */,
				31A6635024FDAB4400CDD04A /* UTMBeGone.entitlements */,
			);
			path = UTMBeGone;
			sourceTree = "<group>";
		};
		31A6635824FDAB4500CDD04A /* UTMBeGoneTests */ = {
			isa = PBXGroup;
			children = (
				31A6635924FDAB4500CDD04A /* UTMBeGoneTests.swift */,
				31A6635B24FDAB4500CDD04A /* Info.plist */,
			);
			path = UTMBeGoneTests;
			sourceTree = "<group>";
		};
		31A6636C24FDAC6E00CDD04A /* PasteboardCore */ = {
			isa = PBXGroup;
			children = (
				31A6636724FDAB5E00CDD04A /* PasteboardListener.swift */,
				31A6636624FDAB5E00CDD04A /* PasteboardHandler.swift */,
			);
			path = PasteboardCore;
			sourceTree = "<group>";
		};
		31A6636D24FDAC7800CDD04A /* GarbageRemover */ = {
			isa = PBXGroup;
			children = (
				31A6636424FDAB5900CDD04A /* URLGarbageRemover.swift */,
			);
			path = GarbageRemover;
			sourceTree = "<group>";
		};
		31A6636E24FDAC8100CDD04A /* Menu */ = {
			isa = PBXGroup;
			children = (
				31A6636A24FDAB9C00CDD04A /* MenuManager.swift */,
			);
			path = Menu;
			sourceTree = "<group>";
		};
		31D95682250663B200DCD1D1 /* Preferences */ = {
			isa = PBXGroup;
			children = (
				31D95683250663D100DCD1D1 /* PreferencesViewController.swift */,
				31D95684250663D100DCD1D1 /* PreferencesViewController.xib */,
			);
			path = Preferences;
			sourceTree = "<group>";
		};
		31D9568725066EFF00DCD1D1 /* Storage */ = {
			isa = PBXGroup;
			children = (
				31D9568825066F2C00DCD1D1 /* QueryItem.swift */,
				31D9568A2506702F00DCD1D1 /* QueryItemsManager.swift */,
			);
			path = Storage;
			sourceTree = "<group>";
		};
		31D9568C2506817C00DCD1D1 /* Util */ = {
			isa = PBXGroup;
			children = (
				31D9568D2506818900DCD1D1 /* UTMBeGone-Bridging-Header.h */,
				31629498250D180C0015E908 /* NotificationNames.swift */,
				3192B4F127791B7400EFC6FB /* LaunchAtLoginHelper.swift */,
			);
			path = Util;
			sourceTree = "<group>";
		};
/* End PBXGroup section */

/* Begin PBXNativeTarget section */
		314FD7D3277A3D0800D16AED /* UTMBeGoneHelper */ = {
			isa = PBXNativeTarget;
			buildConfigurationList = 314FD7E0277A3D0900D16AED /* Build configuration list for PBXNativeTarget "UTMBeGoneHelper" */;
			buildPhases = (
				314FD7D0277A3D0800D16AED /* Sources */,
				314FD7D1277A3D0800D16AED /* Frameworks */,
				314FD7D2277A3D0800D16AED /* Resources */,
			);
			buildRules = (
			);
			dependencies = (
			);
			name = UTMBeGoneHelper;
			productName = UTMBeGoneHelper;
			productReference = 314FD7D4277A3D0800D16AED /* UTMBeGoneHelper.app */;
			productType = "com.apple.product-type.application";
		};
		31A6634424FDAB4400CDD04A /* UTMBeGone */ = {
			isa = PBXNativeTarget;
			buildConfigurationList = 31A6635E24FDAB4500CDD04A /* Build configuration list for PBXNativeTarget "UTMBeGone" */;
			buildPhases = (
				31A6634124FDAB4400CDD04A /* Sources */,
				31A6634224FDAB4400CDD04A /* Frameworks */,
				31A6634324FDAB4400CDD04A /* Resources */,
				31A42F572779035200A0B82D /* CopyFiles */,
			);
			buildRules = (
			);
			dependencies = (
			);
			name = UTMBeGone;
			productName = UTMBeGone;
			productReference = 31A6634524FDAB4400CDD04A /* UTMBeGone.app */;
			productType = "com.apple.product-type.application";
		};
		31A6635424FDAB4500CDD04A /* UTMBeGoneTests */ = {
			isa = PBXNativeTarget;
			buildConfigurationList = 31A6636124FDAB4500CDD04A /* Build configuration list for PBXNativeTarget "UTMBeGoneTests" */;
			buildPhases = (
				31A6635124FDAB4500CDD04A /* Sources */,
				31A6635224FDAB4500CDD04A /* Frameworks */,
				31A6635324FDAB4500CDD04A /* Resources */,
			);
			buildRules = (
			);
			dependencies = (
				31A6635724FDAB4500CDD04A /* PBXTargetDependency */,
			);
			name = UTMBeGoneTests;
			productName = UTMBeGoneTests;
			productReference = 31A6635524FDAB4500CDD04A /* UTMBeGoneTests.xctest */;
			productType = "com.apple.product-type.bundle.unit-test";
		};
/* End PBXNativeTarget section */

/* Begin PBXProject section */
		31A6633D24FDAB4400CDD04A /* Project object */ = {
			isa = PBXProject;
			attributes = {
				LastSwiftUpdateCheck = 1320;
				LastUpgradeCheck = 1200;
				ORGANIZATIONNAME = "Fernando Bunn";
				TargetAttributes = {
					314FD7D3277A3D0800D16AED = {
						CreatedOnToolsVersion = 13.2;
					};
					31A6634424FDAB4400CDD04A = {
						CreatedOnToolsVersion = 11.6;
						LastSwiftMigration = 1170;
					};
					31A6635424FDAB4500CDD04A = {
						CreatedOnToolsVersion = 11.6;
						TestTargetID = 31A6634424FDAB4400CDD04A;
					};
				};
			};
			buildConfigurationList = 31A6634024FDAB4400CDD04A /* Build configuration list for PBXProject "UTMBeGone" */;
			compatibilityVersion = "Xcode 9.3";
			developmentRegion = en;
			hasScannedForEncodings = 0;
			knownRegions = (
				en,
				Base,
			);
			mainGroup = 31A6633C24FDAB4400CDD04A;
			productRefGroup = 31A6634624FDAB4400CDD04A /* Products */;
			projectDirPath = "";
			projectRoot = "";
			targets = (
				31A6634424FDAB4400CDD04A /* UTMBeGone */,
				31A6635424FDAB4500CDD04A /* UTMBeGoneTests */,
				314FD7D3277A3D0800D16AED /* UTMBeGoneHelper */,
			);
		};
/* End PBXProject section */

/* Begin PBXResourcesBuildPhase section */
		314FD7D2277A3D0800D16AED /* Resources */ = {
			isa = PBXResourcesBuildPhase;
			buildActionMask = 2147483647;
			files = (
				314FD7DB277A3D0900D16AED /* Assets.xcassets in Resources */,
				314FD7DE277A3D0900D16AED /* Main.storyboard in Resources */,
			);
			runOnlyForDeploymentPostprocessing = 0;
		};
		31A6634324FDAB4400CDD04A /* Resources */ = {
			isa = PBXResourcesBuildPhase;
			buildActionMask = 2147483647;
			files = (
				31A6634B24FDAB4400CDD04A /* Assets.xcassets in Resources */,
				31A6634E24FDAB4400CDD04A /* MainMenu.xib in Resources */,
				31D95686250663D100DCD1D1 /* PreferencesViewController.xib in Resources */,
			);
			runOnlyForDeploymentPostprocessing = 0;
		};
		31A6635324FDAB4500CDD04A /* Resources */ = {
			isa = PBXResourcesBuildPhase;
			buildActionMask = 2147483647;
			files = (
			);
			runOnlyForDeploymentPostprocessing = 0;
		};
/* End PBXResourcesBuildPhase section */

/* Begin PBXSourcesBuildPhase section */
		314FD7D0277A3D0800D16AED /* Sources */ = {
			isa = PBXSourcesBuildPhase;
			buildActionMask = 2147483647;
			files = (
				314FD7E4277A3D3B00D16AED /* Bundle+MainApp.swift in Sources */,
				314FD7D7277A3D0900D16AED /* AppDelegate.swift in Sources */,
			);
			runOnlyForDeploymentPostprocessing = 0;
		};
		31A6634124FDAB4400CDD04A /* Sources */ = {
			isa = PBXSourcesBuildPhase;
			buildActionMask = 2147483647;
			files = (
				31A6636B24FDAB9C00CDD04A /* MenuManager.swift in Sources */,
				31A6636524FDAB5900CDD04A /* URLGarbageRemover.swift in Sources */,
				31A6634924FDAB4400CDD04A /* AppDelegate.swift in Sources */,
				31A6636924FDAB5E00CDD04A /* PasteboardListener.swift in Sources */,
				31A6636824FDAB5E00CDD04A /* PasteboardHandler.swift in Sources */,
				3192B4F227791B7400EFC6FB /* LaunchAtLoginHelper.swift in Sources */,
				31D9568B2506702F00DCD1D1 /* QueryItemsManager.swift in Sources */,
				31629499250D180C0015E908 /* NotificationNames.swift in Sources */,
				3192B4EF277919E400EFC6FB /* SharedConsts.swift in Sources */,
				31D9568925066F2C00DCD1D1 /* QueryItem.swift in Sources */,
				31D95685250663D100DCD1D1 /* PreferencesViewController.swift in Sources */,
			);
			runOnlyForDeploymentPostprocessing = 0;
		};
		31A6635124FDAB4500CDD04A /* Sources */ = {
			isa = PBXSourcesBuildPhase;
			buildActionMask = 2147483647;
			files = (
				31A6635A24FDAB4500CDD04A /* UTMBeGoneTests.swift in Sources */,
			);
			runOnlyForDeploymentPostprocessing = 0;
		};
/* End PBXSourcesBuildPhase section */

/* Begin PBXTargetDependency section */
		31A6635724FDAB4500CDD04A /* PBXTargetDependency */ = {
			isa = PBXTargetDependency;
			target = 31A6634424FDAB4400CDD04A /* UTMBeGone */;
			targetProxy = 31A6635624FDAB4500CDD04A /* PBXContainerItemProxy */;
		};
/* End PBXTargetDependency section */

/* Begin PBXVariantGroup section */
		314FD7DC277A3D0900D16AED /* Main.storyboard */ = {
			isa = PBXVariantGroup;
			children = (
				314FD7DD277A3D0900D16AED /* Base */,
			);
			name = Main.storyboard;
			sourceTree = "<group>";
		};
		31A6634C24FDAB4400CDD04A /* MainMenu.xib */ = {
			isa = PBXVariantGroup;
			children = (
				31A6634D24FDAB4400CDD04A /* Base */,
			);
			name = MainMenu.xib;
			sourceTree = "<group>";
		};
/* End PBXVariantGroup section */

/* Begin XCBuildConfiguration section */
		314FD7E1277A3D0900D16AED /* Debug */ = {
			isa = XCBuildConfiguration;
			buildSettings = {
				ASSETCATALOG_COMPILER_APPICON_NAME = AppIcon;
				ASSETCATALOG_COMPILER_GLOBAL_ACCENT_COLOR_NAME = AccentColor;
				CLANG_CXX_LANGUAGE_STANDARD = "gnu++17";
				CODE_SIGN_ENTITLEMENTS = UTMBeGoneHelper/UTMBeGoneHelper.entitlements;
				CODE_SIGN_STYLE = Automatic;
				COMBINE_HIDPI_IMAGES = YES;
				CURRENT_PROJECT_VERSION = 13;
				DEVELOPMENT_TEAM = B2RUA6XMHC;
				ENABLE_HARDENED_RUNTIME = YES;
				GENERATE_INFOPLIST_FILE = YES;
				INFOPLIST_FILE = UTMBeGoneHelper/Info.plist;
				INFOPLIST_KEY_CFBundleDisplayName = "";
				INFOPLIST_KEY_LSApplicationCategoryType = "public.app-category.utilities";
				INFOPLIST_KEY_NSHumanReadableCopyright = "Copyright © 2021 Fernando Bunn. All rights reserved.";
				INFOPLIST_KEY_NSMainStoryboardFile = Main;
				INFOPLIST_KEY_NSPrincipalClass = NSApplication;
				LD_RUNPATH_SEARCH_PATHS = (
					"$(inherited)",
					"@executable_path/../Frameworks",
				);
				MACOSX_DEPLOYMENT_TARGET = 10.15;
				MARKETING_VERSION = 1.2.2;
				PRODUCT_BUNDLE_IDENTIFIER = bunn.dev.UTMBeGoneHelper;
				PRODUCT_NAME = "$(TARGET_NAME)";
				SKIP_INSTALL = YES;
				SWIFT_EMIT_LOC_STRINGS = YES;
				SWIFT_VERSION = 5.0;
			};
			name = Debug;
		};
		314FD7E2277A3D0900D16AED /* Release */ = {
			isa = XCBuildConfiguration;
			buildSettings = {
				ASSETCATALOG_COMPILER_APPICON_NAME = AppIcon;
				ASSETCATALOG_COMPILER_GLOBAL_ACCENT_COLOR_NAME = AccentColor;
				CLANG_CXX_LANGUAGE_STANDARD = "gnu++17";
				CODE_SIGN_ENTITLEMENTS = UTMBeGoneHelper/UTMBeGoneHelper.entitlements;
				CODE_SIGN_STYLE = Automatic;
				COMBINE_HIDPI_IMAGES = YES;
				CURRENT_PROJECT_VERSION = 13;
				DEVELOPMENT_TEAM = B2RUA6XMHC;
				ENABLE_HARDENED_RUNTIME = YES;
				GENERATE_INFOPLIST_FILE = YES;
				INFOPLIST_FILE = UTMBeGoneHelper/Info.plist;
				INFOPLIST_KEY_CFBundleDisplayName = "";
				INFOPLIST_KEY_LSApplicationCategoryType = "public.app-category.utilities";
				INFOPLIST_KEY_NSHumanReadableCopyright = "Copyright © 2021 Fernando Bunn. All rights reserved.";
				INFOPLIST_KEY_NSMainStoryboardFile = Main;
				INFOPLIST_KEY_NSPrincipalClass = NSApplication;
				LD_RUNPATH_SEARCH_PATHS = (
					"$(inherited)",
					"@executable_path/../Frameworks",
				);
				MACOSX_DEPLOYMENT_TARGET = 10.15;
				MARKETING_VERSION = 1.2.2;
				PRODUCT_BUNDLE_IDENTIFIER = bunn.dev.UTMBeGoneHelper;
				PRODUCT_NAME = "$(TARGET_NAME)";
				SKIP_INSTALL = YES;
				SWIFT_EMIT_LOC_STRINGS = YES;
				SWIFT_VERSION = 5.0;
			};
			name = Release;
		};
		31A6635C24FDAB4500CDD04A /* Debug */ = {
			isa = XCBuildConfiguration;
			buildSettings = {
				ALWAYS_SEARCH_USER_PATHS = NO;
				CLANG_ANALYZER_NONNULL = YES;
				CLANG_ANALYZER_NUMBER_OBJECT_CONVERSION = YES_AGGRESSIVE;
				CLANG_CXX_LANGUAGE_STANDARD = "gnu++14";
				CLANG_CXX_LIBRARY = "libc++";
				CLANG_ENABLE_MODULES = YES;
				CLANG_ENABLE_OBJC_ARC = YES;
				CLANG_ENABLE_OBJC_WEAK = YES;
				CLANG_WARN_BLOCK_CAPTURE_AUTORELEASING = YES;
				CLANG_WARN_BOOL_CONVERSION = YES;
				CLANG_WARN_COMMA = YES;
				CLANG_WARN_CONSTANT_CONVERSION = YES;
				CLANG_WARN_DEPRECATED_OBJC_IMPLEMENTATIONS = YES;
				CLANG_WARN_DIRECT_OBJC_ISA_USAGE = YES_ERROR;
				CLANG_WARN_DOCUMENTATION_COMMENTS = YES;
				CLANG_WARN_EMPTY_BODY = YES;
				CLANG_WARN_ENUM_CONVERSION = YES;
				CLANG_WARN_INFINITE_RECURSION = YES;
				CLANG_WARN_INT_CONVERSION = YES;
				CLANG_WARN_NON_LITERAL_NULL_CONVERSION = YES;
				CLANG_WARN_OBJC_IMPLICIT_RETAIN_SELF = YES;
				CLANG_WARN_OBJC_LITERAL_CONVERSION = YES;
				CLANG_WARN_OBJC_ROOT_CLASS = YES_ERROR;
				CLANG_WARN_QUOTED_INCLUDE_IN_FRAMEWORK_HEADER = YES;
				CLANG_WARN_RANGE_LOOP_ANALYSIS = YES;
				CLANG_WARN_STRICT_PROTOTYPES = YES;
				CLANG_WARN_SUSPICIOUS_MOVE = YES;
				CLANG_WARN_UNGUARDED_AVAILABILITY = YES_AGGRESSIVE;
				CLANG_WARN_UNREACHABLE_CODE = YES;
				CLANG_WARN__DUPLICATE_METHOD_MATCH = YES;
				COPY_PHASE_STRIP = NO;
				DEBUG_INFORMATION_FORMAT = dwarf;
				ENABLE_STRICT_OBJC_MSGSEND = YES;
				ENABLE_TESTABILITY = YES;
				GCC_C_LANGUAGE_STANDARD = gnu11;
				GCC_DYNAMIC_NO_PIC = NO;
				GCC_NO_COMMON_BLOCKS = YES;
				GCC_OPTIMIZATION_LEVEL = 0;
				GCC_PREPROCESSOR_DEFINITIONS = (
					"DEBUG=1",
					"$(inherited)",
				);
				GCC_WARN_64_TO_32_BIT_CONVERSION = YES;
				GCC_WARN_ABOUT_RETURN_TYPE = YES_ERROR;
				GCC_WARN_UNDECLARED_SELECTOR = YES;
				GCC_WARN_UNINITIALIZED_AUTOS = YES_AGGRESSIVE;
				GCC_WARN_UNUSED_FUNCTION = YES;
				GCC_WARN_UNUSED_VARIABLE = YES;
				MACOSX_DEPLOYMENT_TARGET = 10.15;
				MTL_ENABLE_DEBUG_INFO = INCLUDE_SOURCE;
				MTL_FAST_MATH = YES;
				ONLY_ACTIVE_ARCH = YES;
				SDKROOT = macosx;
				SWIFT_ACTIVE_COMPILATION_CONDITIONS = DEBUG;
				SWIFT_OPTIMIZATION_LEVEL = "-Onone";
			};
			name = Debug;
		};
		31A6635D24FDAB4500CDD04A /* Release */ = {
			isa = XCBuildConfiguration;
			buildSettings = {
				ALWAYS_SEARCH_USER_PATHS = NO;
				CLANG_ANALYZER_NONNULL = YES;
				CLANG_ANALYZER_NUMBER_OBJECT_CONVERSION = YES_AGGRESSIVE;
				CLANG_CXX_LANGUAGE_STANDARD = "gnu++14";
				CLANG_CXX_LIBRARY = "libc++";
				CLANG_ENABLE_MODULES = YES;
				CLANG_ENABLE_OBJC_ARC = YES;
				CLANG_ENABLE_OBJC_WEAK = YES;
				CLANG_WARN_BLOCK_CAPTURE_AUTORELEASING = YES;
				CLANG_WARN_BOOL_CONVERSION = YES;
				CLANG_WARN_COMMA = YES;
				CLANG_WARN_CONSTANT_CONVERSION = YES;
				CLANG_WARN_DEPRECATED_OBJC_IMPLEMENTATIONS = YES;
				CLANG_WARN_DIRECT_OBJC_ISA_USAGE = YES_ERROR;
				CLANG_WARN_DOCUMENTATION_COMMENTS = YES;
				CLANG_WARN_EMPTY_BODY = YES;
				CLANG_WARN_ENUM_CONVERSION = YES;
				CLANG_WARN_INFINITE_RECURSION = YES;
				CLANG_WARN_INT_CONVERSION = YES;
				CLANG_WARN_NON_LITERAL_NULL_CONVERSION = YES;
				CLANG_WARN_OBJC_IMPLICIT_RETAIN_SELF = YES;
				CLANG_WARN_OBJC_LITERAL_CONVERSION = YES;
				CLANG_WARN_OBJC_ROOT_CLASS = YES_ERROR;
				CLANG_WARN_QUOTED_INCLUDE_IN_FRAMEWORK_HEADER = YES;
				CLANG_WARN_RANGE_LOOP_ANALYSIS = YES;
				CLANG_WARN_STRICT_PROTOTYPES = YES;
				CLANG_WARN_SUSPICIOUS_MOVE = YES;
				CLANG_WARN_UNGUARDED_AVAILABILITY = YES_AGGRESSIVE;
				CLANG_WARN_UNREACHABLE_CODE = YES;
				CLANG_WARN__DUPLICATE_METHOD_MATCH = YES;
				COPY_PHASE_STRIP = NO;
				DEBUG_INFORMATION_FORMAT = "dwarf-with-dsym";
				ENABLE_NS_ASSERTIONS = NO;
				ENABLE_STRICT_OBJC_MSGSEND = YES;
				GCC_C_LANGUAGE_STANDARD = gnu11;
				GCC_NO_COMMON_BLOCKS = YES;
				GCC_WARN_64_TO_32_BIT_CONVERSION = YES;
				GCC_WARN_ABOUT_RETURN_TYPE = YES_ERROR;
				GCC_WARN_UNDECLARED_SELECTOR = YES;
				GCC_WARN_UNINITIALIZED_AUTOS = YES_AGGRESSIVE;
				GCC_WARN_UNUSED_FUNCTION = YES;
				GCC_WARN_UNUSED_VARIABLE = YES;
				MACOSX_DEPLOYMENT_TARGET = 10.15;
				MTL_ENABLE_DEBUG_INFO = NO;
				MTL_FAST_MATH = YES;
				SDKROOT = macosx;
				SWIFT_COMPILATION_MODE = wholemodule;
				SWIFT_OPTIMIZATION_LEVEL = "-O";
			};
			name = Release;
		};
		31A6635F24FDAB4500CDD04A /* Debug */ = {
			isa = XCBuildConfiguration;
			buildSettings = {
				ASSETCATALOG_COMPILER_APPICON_NAME = AppIcon;
				CLANG_ENABLE_MODULES = YES;
				CODE_SIGN_ENTITLEMENTS = UTMBeGone/UTMBeGone.entitlements;
				CODE_SIGN_IDENTITY = "Apple Development";
				CODE_SIGN_STYLE = Automatic;
				COMBINE_HIDPI_IMAGES = YES;
				CURRENT_PROJECT_VERSION = 13;
				DEVELOPMENT_TEAM = B2RUA6XMHC;
				ENABLE_HARDENED_RUNTIME = YES;
				INFOPLIST_FILE = UTMBeGone/Info.plist;
				LD_RUNPATH_SEARCH_PATHS = (
					"$(inherited)",
					"@executable_path/../Frameworks",
				);
				MARKETING_VERSION = 1.2.2;
				PRODUCT_BUNDLE_IDENTIFIER = bunn.dev.utmbegone;
				PRODUCT_NAME = "$(TARGET_NAME)";
				SWIFT_OBJC_BRIDGING_HEADER = "UTMBeGone/Util/UTMBeGone-Bridging-Header.h";
				SWIFT_OPTIMIZATION_LEVEL = "-Onone";
				SWIFT_VERSION = 5.0;
			};
			name = Debug;
		};
		31A6636024FDAB4500CDD04A /* Release */ = {
			isa = XCBuildConfiguration;
			buildSettings = {
				ASSETCATALOG_COMPILER_APPICON_NAME = AppIcon;
				CLANG_ENABLE_MODULES = YES;
				CODE_SIGN_ENTITLEMENTS = UTMBeGone/UTMBeGone.entitlements;
				CODE_SIGN_IDENTITY = "Apple Development";
				CODE_SIGN_STYLE = Automatic;
				COMBINE_HIDPI_IMAGES = YES;
				CURRENT_PROJECT_VERSION = 13;
				DEVELOPMENT_TEAM = B2RUA6XMHC;
				ENABLE_HARDENED_RUNTIME = YES;
				INFOPLIST_FILE = UTMBeGone/Info.plist;
				LD_RUNPATH_SEARCH_PATHS = (
					"$(inherited)",
					"@executable_path/../Frameworks",
				);
				MARKETING_VERSION = 1.2.2;
				PRODUCT_BUNDLE_IDENTIFIER = bunn.dev.utmbegone;
				PRODUCT_NAME = "$(TARGET_NAME)";
				SWIFT_OBJC_BRIDGING_HEADER = "UTMBeGone/Util/UTMBeGone-Bridging-Header.h";
				SWIFT_VERSION = 5.0;
			};
			name = Release;
		};
		31A6636224FDAB4500CDD04A /* Debug */ = {
			isa = XCBuildConfiguration;
			buildSettings = {
				ALWAYS_EMBED_SWIFT_STANDARD_LIBRARIES = YES;
				BUNDLE_LOADER = "$(TEST_HOST)";
				CODE_SIGN_STYLE = Automatic;
				COMBINE_HIDPI_IMAGES = YES;
				DEVELOPMENT_TEAM = B2RUA6XMHC;
				INFOPLIST_FILE = UTMBeGoneTests/Info.plist;
				LD_RUNPATH_SEARCH_PATHS = (
					"$(inherited)",
					"@executable_path/../Frameworks",
					"@loader_path/../Frameworks",
				);
				MACOSX_DEPLOYMENT_TARGET = 10.15;
				PRODUCT_BUNDLE_IDENTIFIER = bunn.dev.UTMBeGoneTests;
				PRODUCT_NAME = "$(TARGET_NAME)";
				SWIFT_VERSION = 5.0;
				TEST_HOST = "$(BUILT_PRODUCTS_DIR)/UTMBeGone.app/Contents/MacOS/UTMBeGone";
			};
			name = Debug;
		};
		31A6636324FDAB4500CDD04A /* Release */ = {
			isa = XCBuildConfiguration;
			buildSettings = {
				ALWAYS_EMBED_SWIFT_STANDARD_LIBRARIES = YES;
				BUNDLE_LOADER = "$(TEST_HOST)";
				CODE_SIGN_STYLE = Automatic;
				COMBINE_HIDPI_IMAGES = YES;
				DEVELOPMENT_TEAM = B2RUA6XMHC;
				INFOPLIST_FILE = UTMBeGoneTests/Info.plist;
				LD_RUNPATH_SEARCH_PATHS = (
					"$(inherited)",
					"@executable_path/../Frameworks",
					"@loader_path/../Frameworks",
				);
				MACOSX_DEPLOYMENT_TARGET = 10.15;
				PRODUCT_BUNDLE_IDENTIFIER = bunn.dev.UTMBeGoneTests;
				PRODUCT_NAME = "$(TARGET_NAME)";
				SWIFT_VERSION = 5.0;
				TEST_HOST = "$(BUILT_PRODUCTS_DIR)/UTMBeGone.app/Contents/MacOS/UTMBeGone";
			};
			name = Release;
		};
/* End XCBuildConfiguration section */

/* Begin XCConfigurationList section */
		314FD7E0277A3D0900D16AED /* Build configuration list for PBXNativeTarget "UTMBeGoneHelper" */ = {
			isa = XCConfigurationList;
			buildConfigurations = (
				314FD7E1277A3D0900D16AED /* Debug */,
				314FD7E2277A3D0900D16AED /* Release */,
			);
			defaultConfigurationIsVisible = 0;
			defaultConfigurationName = Release;
		};
		31A6634024FDAB4400CDD04A /* Build configuration list for PBXProject "UTMBeGone" */ = {
			isa = XCConfigurationList;
			buildConfigurations = (
				31A6635C24FDAB4500CDD04A /* Debug */,
				31A6635D24FDAB4500CDD04A /* Release */,
			);
			defaultConfigurationIsVisible = 0;
			defaultConfigurationName = Release;
		};
		31A6635E24FDAB4500CDD04A /* Build configuration list for PBXNativeTarget "UTMBeGone" */ = {
			isa = XCConfigurationList;
			buildConfigurations = (
				31A6635F24FDAB4500CDD04A /* Debug */,
				31A6636024FDAB4500CDD04A /* Release */,
			);
			defaultConfigurationIsVisible = 0;
			defaultConfigurationName = Release;
		};
		31A6636124FDAB4500CDD04A /* Build configuration list for PBXNativeTarget "UTMBeGoneTests" */ = {
			isa = XCConfigurationList;
			buildConfigurations = (
				31A6636224FDAB4500CDD04A /* Debug */,
				31A6636324FDAB4500CDD04A /* Release */,
			);
			defaultConfigurationIsVisible = 0;
			defaultConfigurationName = Release;
		};
/* End XCConfigurationList section */
	};
	rootObject = 31A6633D24FDAB4400CDD04A /* Project object */;
}
